
Microsoft Visual Studio Solution File, Format Version 12.00
# Visual Studio Version 17
VisualStudioVersion = 17.3.32825.248
MinimumVisualStudioVersion = 10.0.40219.1
Project("{FAE04EC0-301F-11D3-BF4B-00C04F79EFBC}") = "ProductEntity", "ProductEntity\ProductEntity.csproj", "{4BF84F08-84B4-4022-B7DD-59754ABE9213}"
EndProject
Project("{FAE04EC0-301F-11D3-BF4B-00C04F79EFBC}") = "ProductDL", "Product DL\ProductDL.csproj", "{1FEFD864-81E6-4E06-90FE-3DFD9A4C5B12}"
EndProject
Project("{FAE04EC0-301F-11D3-BF4B-00C04F79EFBC}") = "ProductBL", "ProductBL\ProductBL.csproj", "{4B4206BC-C1D7-4151-9838-5B32D36A33B5}"
EndProject
Project("{FAE04EC0-301F-11D3-BF4B-00C04F79EFBC}") = "ProductAPI", "ProductAPI\ProductAPI.csproj", "{2D6CCBFD-1C8C-47E9-8B32-F62D1832D3D8}"
EndProject
Project("{FAE04EC0-301F-11D3-BF4B-00C04F79EFBC}") = "ProductMVC", "ProductMVC\ProductMVC.csproj", "{A484F0C9-C02B-4BFC-822D-CF9DA5EB96E2}"
EndProject
Global
	GlobalSection(SolutionConfigurationPlatforms) = preSolution
		Debug|Any CPU = Debug|Any CPU
		Release|Any CPU = Release|Any CPU
	EndGlobalSection
	GlobalSection(ProjectConfigurationPlatforms) = postSolution
		{4BF84F08-84B4-4022-B7DD-59754ABE9213}.Debug|Any CPU.ActiveCfg = Debug|Any CPU
		{4BF84F08-84B4-4022-B7DD-59754ABE9213}.Debug|Any CPU.Build.0 = Debug|Any CPU
		{4BF84F08-84B4-4022-B7DD-59754ABE9213}.Release|Any CPU.ActiveCfg = Release|Any CPU
		{4BF84F08-84B4-4022-B7DD-59754ABE9213}.Release|Any CPU.Build.0 = Release|Any CPU
		{1FEFD864-81E6-4E06-90FE-3DFD9A4C5B12}.Debug|Any CPU.ActiveCfg = Debug|Any CPU
		{1FEFD864-81E6-4E06-90FE-3DFD9A4C5B12}.Debug|Any CPU.Build.0 = Debug|Any CPU
		{1FEFD864-81E6-4E06-90FE-3DFD9A4C5B12}.Release|Any CPU.ActiveCfg = Release|Any CPU
		{1FEFD864-81E6-4E06-90FE-3DFD9A4C5B12}.Release|Any CPU.Build.0 = Release|Any CPU
		{4B4206BC-C1D7-4151-9838-5B32D36A33B5}.Debug|Any CPU.ActiveCfg = Debug|Any CPU
		{4B4206BC-C1D7-4151-9838-5B32D36A33B5}.Debug|Any CPU.Build.0 = Debug|Any CPU
		{4B4206BC-C1D7-4151-9838-5B32D36A33B5}.Release|Any CPU.ActiveCfg = Release|Any CPU
		{4B4206BC-C1D7-4151-9838-5B32D36A33B5}.Release|Any CPU.Build.0 = Release|Any CPU
		{2D6CCBFD-1C8C-47E9-8B32-F62D1832D3D8}.Debug|Any CPU.ActiveCfg = Debug|Any CPU
		{2D6CCBFD-1C8C-47E9-8B32-F62D1832D3D8}.Debug|Any CPU.Build.0 = Debug|Any CPU
		{2D6CCBFD-1C8C-47E9-8B32-F62D1832D3D8}.Release|Any CPU.ActiveCfg = Release|Any CPU
		{2D6CCBFD-1C8C-47E9-8B32-F62D1832D3D8}.Release|Any CPU.Build.0 = Release|Any CPU
		{A484F0C9-C02B-4BFC-822D-CF9DA5EB96E2}.Debug|Any CPU.ActiveCfg = Debug|Any CPU
		{A484F0C9-C02B-4BFC-822D-CF9DA5EB96E2}.Debug|Any CPU.Build.0 = Debug|Any CPU
		{A484F0C9-C02B-4BFC-822D-CF9DA5EB96E2}.Release|Any CPU.ActiveCfg = Release|Any CPU
		{A484F0C9-C02B-4BFC-822D-CF9DA5EB96E2}.Release|Any CPU.Build.0 = Release|Any CPU
	EndGlobalSection
	GlobalSection(SolutionProperties) = preSolution
		HideSolutionNode = FALSE
	EndGlobalSection
	GlobalSection(ExtensibilityGlobals) = postSolution
		SolutionGuid = {A6B88351-D5CF-42B0-AA89-D41D6C772356}
	EndGlobalSection
EndGlobal
